
Microsoft Visual Studio Solution File, Format Version 12.00
# Visual Studio Version 16
VisualStudioVersion = 16.0.29418.71
MinimumVisualStudioVersion = 10.0.40219.1
Project("{FAE04EC0-301F-11D3-BF4B-00C04F79EFBC}") = "AS.GUI", "ArchiveSprinterGUI\AS.GUI.csproj", "{1FE03491-7CB3-4830-8937-DF973270B8E7}"
EndProject
Project("{2150E333-8FDC-42A3-9474-1A3956D46DE8}") = "Testing", "Testing", "{A1D0EE91-19FA-4E68-9D0F-9458AEA3A5BD}"
EndProject
Project("{FAE04EC0-301F-11D3-BF4B-00C04F79EFBC}") = "AS.IO", "AS.IO\AS.IO.csproj", "{7F5148D5-1206-44CF-B918-CC92DAEC221C}"
EndProject
Project("{FAE04EC0-301F-11D3-BF4B-00C04F79EFBC}") = "AS.Core", "AS.Core\AS.Core.csproj", "{8CC24166-B493-41C0-ACB0-DC9177181E1E}"
EndProject
Project("{FAE04EC0-301F-11D3-BF4B-00C04F79EFBC}") = "AS.Test", "AS.Test\AS.Test.csproj", "{7D498F3A-6247-44B7-8220-B3976F5FDF20}"
EndProject
Project("{FAE04EC0-301F-11D3-BF4B-00C04F79EFBC}") = "AS.Utilities", "AS.Utilities\AS.Utilities.csproj", "{9AD4EBFF-6D35-446C-9AA3-EB0068235636}"
EndProject
Project("{FAE04EC0-301F-11D3-BF4B-00C04F79EFBC}") = "AS.Config", "AS.Config\AS.Config.csproj", "{39A7D9D2-0CE2-4240-BB01-43924EECCF1E}"
EndProject
Project("{D954291E-2A0B-460D-934E-DC6B0785DB48}") = "Resources", "Resources\Resources.shproj", "{B8F54723-3799-4777-9BEF-5E29991632B2}"
EndProject
Project("{FAE04EC0-301F-11D3-BF4B-00C04F79EFBC}") = "AS.SampleDataManager", "AS.SampleDataManager\AS.SampleDataManager.csproj", "{C256AF11-B60A-4212-9E0D-9FD9D5BBE18D}"
EndProject
Project("{FAE04EC0-301F-11D3-BF4B-00C04F79EFBC}") = "AS.ComputationManager", "AS.ComputationManager\AS.ComputationManager.csproj", "{74848DF2-C9F6-4210-A782-E75F063A843C}"
EndProject
Project("{9A19103F-16F7-4668-BE54-9A1E7A4F7556}") = "Numerics", "..\..\571\MathNet\mathnet-numerics\src\Numerics\Numerics.csproj", "{59A25BB7-3ED5-4B80-A1E4-3F98330567F9}"
EndProject
Global
	GlobalSection(SharedMSBuildProjectFiles) = preSolution
		Resources\Resources.projitems*{b8f54723-3799-4777-9bef-5e29991632b2}*SharedItemsImports = 13
	EndGlobalSection
	GlobalSection(SolutionConfigurationPlatforms) = preSolution
		Debug|Any CPU = Debug|Any CPU
		Release|Any CPU = Release|Any CPU
	EndGlobalSection
	GlobalSection(ProjectConfigurationPlatforms) = postSolution
		{1FE03491-7CB3-4830-8937-DF973270B8E7}.Debug|Any CPU.ActiveCfg = Debug|Any CPU
		{1FE03491-7CB3-4830-8937-DF973270B8E7}.Debug|Any CPU.Build.0 = Debug|Any CPU
		{1FE03491-7CB3-4830-8937-DF973270B8E7}.Release|Any CPU.ActiveCfg = Release|Any CPU
		{1FE03491-7CB3-4830-8937-DF973270B8E7}.Release|Any CPU.Build.0 = Release|Any CPU
		{7F5148D5-1206-44CF-B918-CC92DAEC221C}.Debug|Any CPU.ActiveCfg = Debug|Any CPU
		{7F5148D5-1206-44CF-B918-CC92DAEC221C}.Debug|Any CPU.Build.0 = Debug|Any CPU
		{7F5148D5-1206-44CF-B918-CC92DAEC221C}.Release|Any CPU.ActiveCfg = Release|Any CPU
		{7F5148D5-1206-44CF-B918-CC92DAEC221C}.Release|Any CPU.Build.0 = Release|Any CPU
		{8CC24166-B493-41C0-ACB0-DC9177181E1E}.Debug|Any CPU.ActiveCfg = Debug|Any CPU
		{8CC24166-B493-41C0-ACB0-DC9177181E1E}.Debug|Any CPU.Build.0 = Debug|Any CPU
		{8CC24166-B493-41C0-ACB0-DC9177181E1E}.Release|Any CPU.ActiveCfg = Release|Any CPU
		{8CC24166-B493-41C0-ACB0-DC9177181E1E}.Release|Any CPU.Build.0 = Release|Any CPU
		{7D498F3A-6247-44B7-8220-B3976F5FDF20}.Debug|Any CPU.ActiveCfg = Debug|Any CPU
		{7D498F3A-6247-44B7-8220-B3976F5FDF20}.Debug|Any CPU.Build.0 = Debug|Any CPU
		{7D498F3A-6247-44B7-8220-B3976F5FDF20}.Release|Any CPU.ActiveCfg = Release|Any CPU
		{7D498F3A-6247-44B7-8220-B3976F5FDF20}.Release|Any CPU.Build.0 = Release|Any CPU
		{9AD4EBFF-6D35-446C-9AA3-EB0068235636}.Debug|Any CPU.ActiveCfg = Debug|Any CPU
		{9AD4EBFF-6D35-446C-9AA3-EB0068235636}.Debug|Any CPU.Build.0 = Debug|Any CPU
		{9AD4EBFF-6D35-446C-9AA3-EB0068235636}.Release|Any CPU.ActiveCfg = Release|Any CPU
		{9AD4EBFF-6D35-446C-9AA3-EB0068235636}.Release|Any CPU.Build.0 = Release|Any CPU
		{39A7D9D2-0CE2-4240-BB01-43924EECCF1E}.Debug|Any CPU.ActiveCfg = Debug|Any CPU
		{39A7D9D2-0CE2-4240-BB01-43924EECCF1E}.Debug|Any CPU.Build.0 = Debug|Any CPU
		{39A7D9D2-0CE2-4240-BB01-43924EECCF1E}.Release|Any CPU.ActiveCfg = Release|Any CPU
		{39A7D9D2-0CE2-4240-BB01-43924EECCF1E}.Release|Any CPU.Build.0 = Release|Any CPU
		{C256AF11-B60A-4212-9E0D-9FD9D5BBE18D}.Debug|Any CPU.ActiveCfg = Debug|Any CPU
		{C256AF11-B60A-4212-9E0D-9FD9D5BBE18D}.Debug|Any CPU.Build.0 = Debug|Any CPU
		{C256AF11-B60A-4212-9E0D-9FD9D5BBE18D}.Release|Any CPU.ActiveCfg = Release|Any CPU
		{C256AF11-B60A-4212-9E0D-9FD9D5BBE18D}.Release|Any CPU.Build.0 = Release|Any CPU
		{74848DF2-C9F6-4210-A782-E75F063A843C}.Debug|Any CPU.ActiveCfg = Debug|Any CPU
		{74848DF2-C9F6-4210-A782-E75F063A843C}.Debug|Any CPU.Build.0 = Debug|Any CPU
		{74848DF2-C9F6-4210-A782-E75F063A843C}.Release|Any CPU.ActiveCfg = Release|Any CPU
		{74848DF2-C9F6-4210-A782-E75F063A843C}.Release|Any CPU.Build.0 = Release|Any CPU
		{59A25BB7-3ED5-4B80-A1E4-3F98330567F9}.Debug|Any CPU.ActiveCfg = Debug|Any CPU
		{59A25BB7-3ED5-4B80-A1E4-3F98330567F9}.Debug|Any CPU.Build.0 = Debug|Any CPU
		{59A25BB7-3ED5-4B80-A1E4-3F98330567F9}.Release|Any CPU.ActiveCfg = Release|Any CPU
		{59A25BB7-3ED5-4B80-A1E4-3F98330567F9}.Release|Any CPU.Build.0 = Release|Any CPU
	EndGlobalSection
	GlobalSection(SolutionProperties) = preSolution
		HideSolutionNode = FALSE
	EndGlobalSection
	GlobalSection(NestedProjects) = preSolution
		{7D498F3A-6247-44B7-8220-B3976F5FDF20} = {A1D0EE91-19FA-4E68-9D0F-9458AEA3A5BD}
	EndGlobalSection
	GlobalSection(ExtensibilityGlobals) = postSolution
		SolutionGuid = {72C64F3C-1A0F-4640-8135-AEC1F717688D}
	EndGlobalSection
EndGlobal
